{
    "name": "postmessages",
    "version": "0.0.1",
    "lockfileVersion": 1,
    "requires": true,
    "dependencies": {
        "@types/node": {
            "version": "6.0.60",
            "resolved": "https://registry.npmjs.org/@types/node/-/node-6.0.60.tgz",
            "integrity": "sha1-5+E068Z0rm7ZPDbHZ3ObEQ0sV/w=",
            "dev": true
        },
        "colors": {
            "version": "1.2.1",
            "resolved": "https://registry.npmjs.org/colors/-/colors-1.2.1.tgz",
            "integrity": "sha512-s8+wktIuDSLffCywiwSxQOMqtPxML11a/dtHE17tMn4B1MSWw/C22EKf7M2KGUBcDaVFEGT+S8N02geDXeuNKg=="
        },
        "typescript": {
            "version": "2.7.2",
            "resolved": "https://registry.npmjs.org/typescript/-/typescript-2.7.2.tgz",
            "integrity": "sha512-p5TCYZDAO0m4G344hD+wx/LATebLWZNkkh2asWUFqSsD2OrDNhbAHuSjobrmsUmdzjJjEeZVU9g1h3O6vpstnw==",
            "dev": true
        }
    }
}
